<?xml version="1.0" encoding="utf-8"?>
<Project ToolsVersion="4.0" xmlns="http://schemas.microsoft.com/developer/msbuild/2003">
  <ItemGroup>
    <Filter Include="Fichiers sources">
      <UniqueIdentifier>{4FC737F1-C7A5-4376-A066-2A32D752A2FF}</UniqueIdentifier>
      <Extensions>cpp;c;cc;cxx;c++;cppm;ixx;def;odl;idl;hpj;bat;asm;asmx</Extensions>
    </Filter>
    <Filter Include="Fichiers d%27en-tête">
      <UniqueIdentifier>{93995380-89BD-4b04-88EB-625FBE52EBFB}</UniqueIdentifier>
      <Extensions>h;hh;hpp;hxx;h++;hm;inl;inc;ipp;xsd</Extensions>
    </Filter>
    <Filter Include="Fichiers de ressources">
      <UniqueIdentifier>{67DA6AB6-F800-4c08-8B7A-83BB121AAD01}</UniqueIdentifier>
      <Extensions>rc;ico;cur;bmp;dlg;rc2;rct;bin;rgs;gif;jpg;jpeg;jpe;resx;tiff;tif;png;wav;mfcribbon-ms</Extensions>
    </Filter>
    <Filter Include="CollisionSystem">
      <UniqueIdentifier>{2e66a932-5ff4-40c1-9ddd-39bd2ad53f6e}</UniqueIdentifier>
    </Filter>
    <Filter Include="LevelEditor">
      <UniqueIdentifier>{24389f4e-6d65-4ef6-b153-409a493ded21}</UniqueIdentifier>
    </Filter>
    <Filter Include="SoLoud">
      <UniqueIdentifier>{d2ad4dbb-1924-451d-a60d-9d0e21bcd38e}</UniqueIdentifier>
    </Filter>
    <Filter Include="Gameplay">
      <UniqueIdentifier>{0c156b34-2275-4314-8af9-96dceb92fe91}</UniqueIdentifier>
    </Filter>
    <Filter Include="Light">
      <UniqueIdentifier>{8f12c53b-0070-4da7-8c2f-2b0f2e47c052}</UniqueIdentifier>
    </Filter>
    <Filter Include="Audio">
      <UniqueIdentifier>{d49691fe-f9da-4cab-82f9-2b11913fa3d1}</UniqueIdentifier>
    </Filter>
  </ItemGroup>
  <ItemGroup>
    <ClCompile Include="engine.cpp">
      <Filter>Fichiers sources</Filter>
    </ClCompile>
    <ClCompile Include="..\glad.c">
      <Filter>Fichiers sources</Filter>
    </ClCompile>
    <ClCompile Include="mesh.cpp">
      <Filter>Fichiers sources</Filter>
    </ClCompile>
    <ClCompile Include="shader.cpp">
      <Filter>Fichiers sources</Filter>
    </ClCompile>
    <ClCompile Include="stb_image.cpp">
      <Filter>Fichiers sources</Filter>
    </ClCompile>
    <ClCompile Include="Texture.cpp">
      <Filter>Fichiers sources</Filter>
    </ClCompile>
    <ClCompile Include="Sprite.cpp">
      <Filter>Fichiers sources</Filter>
    </ClCompile>
    <ClCompile Include="Utility.cpp">
      <Filter>Fichiers sources</Filter>
    </ClCompile>
    <ClCompile Include="Camera.cpp">
      <Filter>Fichiers sources</Filter>
    </ClCompile>
    <ClCompile Include="EventManager.cpp">
      <Filter>Fichiers sources</Filter>
    </ClCompile>
    <ClCompile Include="RessourceManager.cpp">
      <Filter>Fichiers sources</Filter>
    </ClCompile>
    <ClCompile Include="TextManager.cpp">
      <Filter>Fichiers sources</Filter>
    </ClCompile>
    <ClCompile Include="Collider.cpp">
      <Filter>CollisionSystem</Filter>
    </ClCompile>
    <ClCompile Include="CircleCollider.cpp">
      <Filter>CollisionSystem</Filter>
    </ClCompile>
    <ClCompile Include="RectCollider.cpp">
      <Filter>CollisionSystem</Filter>
    </ClCompile>
    <ClCompile Include="PhysicObject.cpp">
      <Filter>CollisionSystem</Filter>
    </ClCompile>
    <ClCompile Include="EditorObject.cpp">
      <Filter>LevelEditor</Filter>
    </ClCompile>
    <ClCompile Include="Editor.cpp">
      <Filter>LevelEditor</Filter>
    </ClCompile>
    <ClCompile Include="EditorSprite.cpp">
      <Filter>LevelEditor</Filter>
    </ClCompile>
    <ClCompile Include="Line.cpp">
      <Filter>Fichiers sources</Filter>
    </ClCompile>
    <ClCompile Include="EditorSaveManager.cpp">
      <Filter>LevelEditor</Filter>
    </ClCompile>
    <ClCompile Include="..\..\..\..\..\Logiciels\Soloud\soloud20200207\src\core\soloud.cpp">
      <Filter>SoLoud</Filter>
    </ClCompile>
    <ClCompile Include="..\..\..\..\..\Logiciels\Soloud\soloud20200207\src\core\soloud_audiosource.cpp">
      <Filter>SoLoud</Filter>
    </ClCompile>
    <ClCompile Include="..\..\..\..\..\Logiciels\Soloud\soloud20200207\src\core\soloud_bus.cpp">
      <Filter>SoLoud</Filter>
    </ClCompile>
    <ClCompile Include="..\..\..\..\..\Logiciels\Soloud\soloud20200207\src\core\soloud_core_3d.cpp">
      <Filter>SoLoud</Filter>
    </ClCompile>
    <ClCompile Include="..\..\..\..\..\Logiciels\Soloud\soloud20200207\src\core\soloud_core_basicops.cpp">
      <Filter>SoLoud</Filter>
    </ClCompile>
    <ClCompile Include="..\..\..\..\..\Logiciels\Soloud\soloud20200207\src\core\soloud_core_faderops.cpp">
      <Filter>SoLoud</Filter>
    </ClCompile>
    <ClCompile Include="..\..\..\..\..\Logiciels\Soloud\soloud20200207\src\core\soloud_core_filterops.cpp">
      <Filter>SoLoud</Filter>
    </ClCompile>
    <ClCompile Include="..\..\..\..\..\Logiciels\Soloud\soloud20200207\src\core\soloud_core_getters.cpp">
      <Filter>SoLoud</Filter>
    </ClCompile>
    <ClCompile Include="..\..\..\..\..\Logiciels\Soloud\soloud20200207\src\core\soloud_core_setters.cpp">
      <Filter>SoLoud</Filter>
    </ClCompile>
    <ClCompile Include="..\..\..\..\..\Logiciels\Soloud\soloud20200207\src\core\soloud_core_voicegroup.cpp">
      <Filter>SoLoud</Filter>
    </ClCompile>
    <ClCompile Include="..\..\..\..\..\Logiciels\Soloud\soloud20200207\src\core\soloud_core_voiceops.cpp">
      <Filter>SoLoud</Filter>
    </ClCompile>
    <ClCompile Include="..\..\..\..\..\Logiciels\Soloud\soloud20200207\src\core\soloud_fader.cpp">
      <Filter>SoLoud</Filter>
    </ClCompile>
    <ClCompile Include="..\..\..\..\..\Logiciels\Soloud\soloud20200207\src\core\soloud_fft.cpp">
      <Filter>SoLoud</Filter>
    </ClCompile>
    <ClCompile Include="..\..\..\..\..\Logiciels\Soloud\soloud20200207\src\core\soloud_fft_lut.cpp">
      <Filter>SoLoud</Filter>
    </ClCompile>
    <ClCompile Include="..\..\..\..\..\Logiciels\Soloud\soloud20200207\src\core\soloud_file.cpp">
      <Filter>SoLoud</Filter>
    </ClCompile>
    <ClCompile Include="..\..\..\..\..\Logiciels\Soloud\soloud20200207\src\core\soloud_filter.cpp">
      <Filter>SoLoud</Filter>
    </ClCompile>
    <ClCompile Include="..\..\..\..\..\Logiciels\Soloud\soloud20200207\src\core\soloud_misc.cpp">
      <Filter>SoLoud</Filter>
    </ClCompile>
    <ClCompile Include="..\..\..\..\..\Logiciels\Soloud\soloud20200207\src\core\soloud_queue.cpp">
      <Filter>SoLoud</Filter>
    </ClCompile>
    <ClCompile Include="..\..\..\..\..\Logiciels\Soloud\soloud20200207\src\core\soloud_thread.cpp">
      <Filter>SoLoud</Filter>
    </ClCompile>
    <ClCompile Include="..\..\..\..\..\Logiciels\Soloud\soloud20200207\src\backend\portaudio\soloud_portaudio.cpp">
      <Filter>SoLoud</Filter>
    </ClCompile>
    <ClCompile Include="..\..\..\..\..\Logiciels\Soloud\soloud20200207\src\backend\portaudio\soloud_portaudio_dll.c">
      <Filter>SoLoud</Filter>
    </ClCompile>
    <ClCompile Include="..\..\..\..\..\Logiciels\Soloud\soloud20200207\src\backend\miniaudio\soloud_miniaudio.cpp">
      <Filter>SoLoud</Filter>
    </ClCompile>
    <ClCompile Include="..\..\..\..\..\Logiciels\Soloud\soloud20200207\src\audiosource\wav\dr_impl.cpp">
      <Filter>SoLoud</Filter>
    </ClCompile>
    <ClCompile Include="..\..\..\..\..\Logiciels\Soloud\soloud20200207\src\audiosource\wav\soloud_wav.cpp">
      <Filter>SoLoud</Filter>
    </ClCompile>
    <ClCompile Include="..\..\..\..\..\Logiciels\Soloud\soloud20200207\src\audiosource\wav\soloud_wavstream.cpp">
      <Filter>SoLoud</Filter>
    </ClCompile>
    <ClCompile Include="..\..\..\..\..\Logiciels\Soloud\soloud20200207\src\audiosource\wav\stb_vorbis.c">
      <Filter>SoLoud</Filter>
    </ClCompile>
    <ClCompile Include="Light.cpp">
      <Filter>Light</Filter>
    </ClCompile>
    <ClCompile Include="LightManager.cpp">
      <Filter>Light</Filter>
    </ClCompile>
    <ClCompile Include="ShadowCaster.cpp">
      <Filter>Light</Filter>
    </ClCompile>
    <ClCompile Include="Button.cpp">
      <Filter>Gameplay</Filter>
    </ClCompile>
    <ClCompile Include="Laser.cpp">
      <Filter>Gameplay</Filter>
    </ClCompile>
    <ClCompile Include="Player.cpp">
      <Filter>Gameplay</Filter>
    </ClCompile>
    <ClCompile Include="Prefab.cpp">
      <Filter>Fichiers sources</Filter>
    </ClCompile>
    <ClCompile Include="Trigger.cpp">
      <Filter>Gameplay</Filter>
    </ClCompile>
    <ClCompile Include="CameraController.cpp">
      <Filter>Fichiers sources</Filter>
    </ClCompile>
    <ClCompile Include="MenuManager.cpp">
      <Filter>Fichiers sources</Filter>
    </ClCompile>
    <ClCompile Include="LevelEnd.cpp">
      <Filter>Gameplay</Filter>
    </ClCompile>
    <ClCompile Include="ParticleSystem.cpp">
      <Filter>Fichiers sources</Filter>
    </ClCompile>
    <ClCompile Include="EditorParticleSystem.cpp">
      <Filter>LevelEditor</Filter>
    </ClCompile>
    <ClCompile Include="LogicRelay.cpp">
      <Filter>LevelEditor</Filter>
    </ClCompile>
    <ClCompile Include="TransformModifier.cpp">
      <Filter>LevelEditor</Filter>
    </ClCompile>
    <ClCompile Include="PrefabRelay.cpp">
      <Filter>LevelEditor</Filter>
    </ClCompile>
    <ClCompile Include="Acid.cpp">
      <Filter>Gameplay</Filter>
    </ClCompile>
    <ClCompile Include="Checkpoint.cpp">
      <Filter>Gameplay</Filter>
    </ClCompile>
    <ClCompile Include="TextRenderer.cpp">
      <Filter>LevelEditor</Filter>
    </ClCompile>
    <ClCompile Include="PhysicSimulation.cpp">
      <Filter>Fichiers sources</Filter>
    </ClCompile>
    <ClCompile Include="TerminalManager.cpp">
      <Filter>Fichiers sources</Filter>
    </ClCompile>
    <ClCompile Include="PrefabCloner.cpp">
      <Filter>LevelEditor</Filter>
    </ClCompile>
    <ClCompile Include="Radioactivity.cpp">
      <Filter>Gameplay</Filter>
    </ClCompile>
    <ClCompile Include="SoundPoint.cpp">
      <Filter>Audio</Filter>
    </ClCompile>
    <ClCompile Include="SoundArea.cpp">
      <Filter>Audio</Filter>
    </ClCompile>
    <ClCompile Include="LocalizationManager.cpp">
      <Filter>Fichiers sources</Filter>
    </ClCompile>
    <ClCompile Include="TerminalWriter.cpp">
      <Filter>LevelEditor</Filter>
    </ClCompile>
    <ClCompile Include="SettingsManager.cpp">
      <Filter>Fichiers sources</Filter>
    </ClCompile>
    <ClCompile Include="..\..\..\..\..\Logiciels\Soloud\soloud20200207\src\filter\soloud_lofifilter.cpp">
      <Filter>SoLoud</Filter>
    </ClCompile>
    <ClCompile Include="ObjectFollower.cpp">
      <Filter>Fichiers sources</Filter>
    </ClCompile>
  </ItemGroup>
  <ItemGroup>
    <ClInclude Include="Texture.h">
      <Filter>Fichiers d%27en-tête</Filter>
    </ClInclude>
    <ClInclude Include="Sprite.h">
      <Filter>Fichiers d%27en-tête</Filter>
    </ClInclude>
    <ClInclude Include="Utility.h">
      <Filter>Fichiers d%27en-tête</Filter>
    </ClInclude>
    <ClInclude Include="mesh.h">
      <Filter>Fichiers d%27en-tête</Filter>
    </ClInclude>
    <ClInclude Include="shader.h">
      <Filter>Fichiers d%27en-tête</Filter>
    </ClInclude>
    <ClInclude Include="stb_image.h">
      <Filter>Fichiers d%27en-tête</Filter>
    </ClInclude>
    <ClInclude Include="Camera.h">
      <Filter>Fichiers d%27en-tête</Filter>
    </ClInclude>
    <ClInclude Include="EventManager.h">
      <Filter>Fichiers d%27en-tête</Filter>
    </ClInclude>
    <ClInclude Include="RessourceManager.h">
      <Filter>Fichiers d%27en-tête</Filter>
    </ClInclude>
    <ClInclude Include="TextManager.h">
      <Filter>Fichiers d%27en-tête</Filter>
    </ClInclude>
    <ClInclude Include="Collider.h">
      <Filter>CollisionSystem</Filter>
    </ClInclude>
    <ClInclude Include="CircleCollider.h">
      <Filter>CollisionSystem</Filter>
    </ClInclude>
    <ClInclude Include="RectCollider.h">
      <Filter>CollisionSystem</Filter>
    </ClInclude>
    <ClInclude Include="PhysicObject.h">
      <Filter>CollisionSystem</Filter>
    </ClInclude>
    <ClInclude Include="EditorObject.h">
      <Filter>LevelEditor</Filter>
    </ClInclude>
    <ClInclude Include="Editor.h">
      <Filter>LevelEditor</Filter>
    </ClInclude>
    <ClInclude Include="EditorSprite.h">
      <Filter>LevelEditor</Filter>
    </ClInclude>
    <ClInclude Include="Line.h">
      <Filter>Fichiers d%27en-tête</Filter>
    </ClInclude>
    <ClInclude Include="LinkedList.h">
      <Filter>Fichiers d%27en-tête</Filter>
    </ClInclude>
    <ClInclude Include="EditorSaveManager.h">
      <Filter>LevelEditor</Filter>
    </ClInclude>
    <ClInclude Include="..\..\..\..\..\Logiciels\Soloud\soloud20200207\src\backend\miniaudio\miniaudio.h">
      <Filter>SoLoud</Filter>
    </ClInclude>
    <ClInclude Include="..\..\..\..\..\Logiciels\Soloud\soloud20200207\src\audiosource\wav\dr_flac.h">
      <Filter>SoLoud</Filter>
    </ClInclude>
    <ClInclude Include="..\..\..\..\..\Logiciels\Soloud\soloud20200207\src\audiosource\wav\dr_mp3.h">
      <Filter>SoLoud</Filter>
    </ClInclude>
    <ClInclude Include="..\..\..\..\..\Logiciels\Soloud\soloud20200207\src\audiosource\wav\dr_wav.h">
      <Filter>SoLoud</Filter>
    </ClInclude>
    <ClInclude Include="..\..\..\..\..\Logiciels\Soloud\soloud20200207\src\audiosource\wav\stb_vorbis.h">
      <Filter>SoLoud</Filter>
    </ClInclude>
    <ClInclude Include="stb_image_write.h">
      <Filter>Fichiers d%27en-tête</Filter>
    </ClInclude>
    <ClInclude Include="Light.h">
      <Filter>Light</Filter>
    </ClInclude>
    <ClInclude Include="LightManager.h">
      <Filter>Light</Filter>
    </ClInclude>
    <ClInclude Include="ShadowCaster.h">
      <Filter>Light</Filter>
    </ClInclude>
    <ClInclude Include="Button.h">
      <Filter>Gameplay</Filter>
    </ClInclude>
    <ClInclude Include="Laser.h">
      <Filter>Gameplay</Filter>
    </ClInclude>
    <ClInclude Include="Player.h">
      <Filter>Gameplay</Filter>
    </ClInclude>
    <ClInclude Include="Prefab.h">
      <Filter>Fichiers d%27en-tête</Filter>
    </ClInclude>
    <ClInclude Include="Trigger.h">
      <Filter>Gameplay</Filter>
    </ClInclude>
    <ClInclude Include="CameraController.h">
      <Filter>Fichiers d%27en-tête</Filter>
    </ClInclude>
    <ClInclude Include="TweenManager.h">
      <Filter>Fichiers d%27en-tête</Filter>
    </ClInclude>
    <ClInclude Include="TweenAction.h">
      <Filter>Fichiers d%27en-tête</Filter>
    </ClInclude>
    <ClInclude Include="MenuManager.h">
      <Filter>Fichiers d%27en-tête</Filter>
    </ClInclude>
    <ClInclude Include="LevelEnd.h">
      <Filter>Gameplay</Filter>
    </ClInclude>
    <ClInclude Include="ParticleSystem.h">
      <Filter>Fichiers d%27en-tête</Filter>
    </ClInclude>
    <ClInclude Include="EditorParticleSystem.h">
      <Filter>LevelEditor</Filter>
    </ClInclude>
    <ClInclude Include="LogicRelay.h">
      <Filter>LevelEditor</Filter>
    </ClInclude>
    <ClInclude Include="TransformModifier.h">
      <Filter>LevelEditor</Filter>
    </ClInclude>
    <ClInclude Include="PrefabRelay.h">
      <Filter>LevelEditor</Filter>
    </ClInclude>
    <ClInclude Include="Acid.h">
      <Filter>Gameplay</Filter>
    </ClInclude>
    <ClInclude Include="Checkpoint.h">
      <Filter>Gameplay</Filter>
    </ClInclude>
    <ClInclude Include="TextRenderer.h">
      <Filter>LevelEditor</Filter>
    </ClInclude>
    <ClInclude Include="PhysicSimulation.h">
      <Filter>Fichiers d%27en-tête</Filter>
    </ClInclude>
    <ClInclude Include="TerminalManager.h">
      <Filter>Fichiers d%27en-tête</Filter>
    </ClInclude>
    <ClInclude Include="PrefabCloner.h">
      <Filter>LevelEditor</Filter>
    </ClInclude>
    <ClInclude Include="Radioactivity.h">
      <Filter>Gameplay</Filter>
    </ClInclude>
    <ClInclude Include="SoundPoint.h">
      <Filter>Audio</Filter>
    </ClInclude>
    <ClInclude Include="SoundArea.h">
      <Filter>Audio</Filter>
    </ClInclude>
    <ClInclude Include="LocalizationManager.h">
      <Filter>Fichiers d%27en-tête</Filter>
    </ClInclude>
    <ClInclude Include="TerminalWriter.h">
      <Filter>LevelEditor</Filter>
    </ClInclude>
    <ClInclude Include="SettingsManager.h">
      <Filter>Fichiers d%27en-tête</Filter>
    </ClInclude>
    <ClInclude Include="ObjectFollower.h">
      <Filter>Fichiers d%27en-tête</Filter>
    </ClInclude>
  </ItemGroup>
</Project>